
Microsoft Visual Studio Solution File, Format Version 12.00
# Visual Studio Version 16
VisualStudioVersion = 16.0.29001.49
MinimumVisualStudioVersion = 10.0.40219.1
Project("{9A19103F-16F7-4668-BE54-9A1E7A4F7556}") = "liff-client-csharp", "liff-client-csharp\liff-client-csharp.csproj", "{6C5BFD2D-8110-4F6F-8EA1-804170768186}"
EndProject
Project("{9A19103F-16F7-4668-BE54-9A1E7A4F7556}") = "liff-client-csharp-blazor", "liff-client-csharp-blazor\liff-client-csharp-blazor.csproj", "{F3115E9C-18EA-4757-9C04-DDEDC2A3D66D}"
EndProject
Global
	GlobalSection(SolutionConfigurationPlatforms) = preSolution
		Debug|Any CPU = Debug|Any CPU
		Release|Any CPU = Release|Any CPU
	EndGlobalSection
	GlobalSection(ProjectConfigurationPlatforms) = postSolution
		{6C5BFD2D-8110-4F6F-8EA1-804170768186}.Debug|Any CPU.ActiveCfg = Debug|Any CPU
		{6C5BFD2D-8110-4F6F-8EA1-804170768186}.Debug|Any CPU.Build.0 = Debug|Any CPU
		{6C5BFD2D-8110-4F6F-8EA1-804170768186}.Release|Any CPU.ActiveCfg = Release|Any CPU
		{6C5BFD2D-8110-4F6F-8EA1-804170768186}.Release|Any CPU.Build.0 = Release|Any CPU
		{F3115E9C-18EA-4757-9C04-DDEDC2A3D66D}.Debug|Any CPU.ActiveCfg = Debug|Any CPU
		{F3115E9C-18EA-4757-9C04-DDEDC2A3D66D}.Debug|Any CPU.Build.0 = Debug|Any CPU
		{F3115E9C-18EA-4757-9C04-DDEDC2A3D66D}.Release|Any CPU.ActiveCfg = Release|Any CPU
		{F3115E9C-18EA-4757-9C04-DDEDC2A3D66D}.Release|Any CPU.Build.0 = Release|Any CPU
	EndGlobalSection
	GlobalSection(SolutionProperties) = preSolution
		HideSolutionNode = FALSE
	EndGlobalSection
	GlobalSection(ExtensibilityGlobals) = postSolution
		SolutionGuid = {D3349855-1693-4BE7-A06B-4ED2B2E6C254}
	EndGlobalSection
EndGlobal
